
Microsoft Visual Studio Solution File, Format Version 12.00
# Visual Studio Version 16
VisualStudioVersion = 16.0.29411.108
MinimumVisualStudioVersion = 10.0.40219.1
Project("{FAE04EC0-301F-11D3-BF4B-00C04F79EFBC}") = "ProcessMining", "ProcessMining\ProcessMining.csproj", "{7DF2CEC8-DCE6-40B1-B65A-37EF0A4570DA}"
EndProject
Project("{FAE04EC0-301F-11D3-BF4B-00C04F79EFBC}") = "ProcessMiningTests", "ProcessMiningTests\ProcessMiningTests.csproj", "{96DC70BC-2F90-4DF4-8BF8-155C56D1DAD1}"
EndProject
Global
	GlobalSection(SolutionConfigurationPlatforms) = preSolution
		Debug|Any CPU = Debug|Any CPU
		Release|Any CPU = Release|Any CPU
	EndGlobalSection
	GlobalSection(ProjectConfigurationPlatforms) = postSolution
		{7DF2CEC8-DCE6-40B1-B65A-37EF0A4570DA}.Debug|Any CPU.ActiveCfg = Debug|Any CPU
		{7DF2CEC8-DCE6-40B1-B65A-37EF0A4570DA}.Debug|Any CPU.Build.0 = Debug|Any CPU
		{7DF2CEC8-DCE6-40B1-B65A-37EF0A4570DA}.Release|Any CPU.ActiveCfg = Release|Any CPU
		{7DF2CEC8-DCE6-40B1-B65A-37EF0A4570DA}.Release|Any CPU.Build.0 = Release|Any CPU
		{96DC70BC-2F90-4DF4-8BF8-155C56D1DAD1}.Debug|Any CPU.ActiveCfg = Debug|Any CPU
		{96DC70BC-2F90-4DF4-8BF8-155C56D1DAD1}.Debug|Any CPU.Build.0 = Debug|Any CPU
		{96DC70BC-2F90-4DF4-8BF8-155C56D1DAD1}.Release|Any CPU.ActiveCfg = Release|Any CPU
		{96DC70BC-2F90-4DF4-8BF8-155C56D1DAD1}.Release|Any CPU.Build.0 = Release|Any CPU
	EndGlobalSection
	GlobalSection(SolutionProperties) = preSolution
		HideSolutionNode = FALSE
	EndGlobalSection
	GlobalSection(ExtensibilityGlobals) = postSolution
		SolutionGuid = {A9946A7B-FE70-453C-902A-30CC64768FD8}
	EndGlobalSection
EndGlobal
